
# cargo-vet imports lock

[[audits.mozilla.audits.autocfg]]
who = "Josh Stone <jistone@redhat.com>"
criteria = "safe-to-deploy"
version = "1.1.0"
notes = "All code written or reviewed by Josh Stone."
aggregated-from = "https://hg.mozilla.org/mozilla-central/raw-file/tip/supply-chain/audits.toml"

[[audits.mozilla.audits.lazy_static]]
who = "Nika Layzell <nika@thelayzells.com>"
criteria = "safe-to-deploy"
version = "1.4.0"
notes = "I have read over the macros, and audited the unsafe code."
aggregated-from = "https://raw.githubusercontent.com/mozilla/cargo-vet/main/supply-chain/audits.toml"
